
Microsoft Visual Studio Solution File, Format Version 12.00
# Visual Studio Version 16
VisualStudioVersion = 16.0.30128.74
MinimumVisualStudioVersion = 10.0.40219.1
Project("{9A19103F-16F7-4668-BE54-9A1E7A4F7556}") = "DutchTreat", "DutchTreat.csproj", "{70F76D5C-800C-4CAF-8B00-48D67E4E03B8}"
EndProject
Global
	GlobalSection(SolutionConfigurationPlatforms) = preSolution
		Debug|Any CPU = Debug|Any CPU
		Release|Any CPU = Release|Any CPU
	EndGlobalSection
	GlobalSection(ProjectConfigurationPlatforms) = postSolution
		{70F76D5C-800C-4CAF-8B00-48D67E4E03B8}.Debug|Any CPU.ActiveCfg = Debug|Any CPU
		{70F76D5C-800C-4CAF-8B00-48D67E4E03B8}.Debug|Any CPU.Build.0 = Debug|Any CPU
		{70F76D5C-800C-4CAF-8B00-48D67E4E03B8}.Release|Any CPU.ActiveCfg = Release|Any CPU
		{70F76D5C-800C-4CAF-8B00-48D67E4E03B8}.Release|Any CPU.Build.0 = Release|Any CPU
	EndGlobalSection
	GlobalSection(SolutionProperties) = preSolution
		HideSolutionNode = FALSE
	EndGlobalSection
	GlobalSection(ExtensibilityGlobals) = postSolution
		SolutionGuid = {FFD90A1D-AC4D-4452-9D14-5AE66ACD789E}
	EndGlobalSection
EndGlobal
